
Microsoft Visual Studio Solution File, Format Version 12.00
# Visual Studio Version 17
VisualStudioVersion = 17.10.35004.147
MinimumVisualStudioVersion = 10.0.40219.1
Project("{9A19103F-16F7-4668-BE54-9A1E7A4F7556}") = "WpfApp1", "WpfApp1.csproj", "{DB34EE1E-4F04-475D-A114-D83DEF82DA2D}"
EndProject
Project("{2150E333-8FDC-42A3-9474-1A3956D46DE8}") = "Solution Items", "Solution Items", "{3B5B26BB-0CFE-4C5C-9CC5-D7795C6CD186}"
EndProject
Project("{FAE04EC0-301F-11D3-BF4B-00C04F79EFBC}") = "TestApp", "..\..\Documents\ExtractCS - Esai GUI\TestApp\TestApp.csproj", "{0A0841C3-0661-45E3-A342-030BA60FFF54}"
EndProject
Global
	GlobalSection(SolutionConfigurationPlatforms) = preSolution
		Debug|Any CPU = Debug|Any CPU
		Release|Any CPU = Release|Any CPU
	EndGlobalSection
	GlobalSection(ProjectConfigurationPlatforms) = postSolution
		{DB34EE1E-4F04-475D-A114-D83DEF82DA2D}.Debug|Any CPU.ActiveCfg = Debug|Any CPU
		{DB34EE1E-4F04-475D-A114-D83DEF82DA2D}.Debug|Any CPU.Build.0 = Debug|Any CPU
		{DB34EE1E-4F04-475D-A114-D83DEF82DA2D}.Release|Any CPU.ActiveCfg = Release|Any CPU
		{DB34EE1E-4F04-475D-A114-D83DEF82DA2D}.Release|Any CPU.Build.0 = Release|Any CPU
		{0A0841C3-0661-45E3-A342-030BA60FFF54}.Debug|Any CPU.ActiveCfg = Debug|Any CPU
		{0A0841C3-0661-45E3-A342-030BA60FFF54}.Debug|Any CPU.Build.0 = Debug|Any CPU
		{0A0841C3-0661-45E3-A342-030BA60FFF54}.Release|Any CPU.ActiveCfg = Release|Any CPU
		{0A0841C3-0661-45E3-A342-030BA60FFF54}.Release|Any CPU.Build.0 = Release|Any CPU
	EndGlobalSection
	GlobalSection(SolutionProperties) = preSolution
		HideSolutionNode = FALSE
	EndGlobalSection
	GlobalSection(NestedProjects) = preSolution
		{0A0841C3-0661-45E3-A342-030BA60FFF54} = {3B5B26BB-0CFE-4C5C-9CC5-D7795C6CD186}
	EndGlobalSection
	GlobalSection(ExtensibilityGlobals) = postSolution
		SolutionGuid = {7AE1BA9D-A211-4460-BB40-13BBFDFB57C2}
	EndGlobalSection
EndGlobal
